// !$*UTF8*$!
{
	archiveVersion = 1;
	classes = {
	};
	objectVersion = 55;
	objects = {

/* Begin PBXBuildFile section */
		1A374B2028CEE83200371A9C /* AppDelegate.swift in Sources */ = {isa = PBXBuildFile; fileRef = 1A374B1F28CEE83200371A9C /* AppDelegate.swift */; };
		1A374B2928CEE83300371A9C /* Assets.xcassets in Resources */ = {isa = PBXBuildFile; fileRef = 1A374B2828CEE83300371A9C /* Assets.xcassets */; };
		1A374B2C28CEE83300371A9C /* LaunchScreen.storyboard in Resources */ = {isa = PBXBuildFile; fileRef = 1A374B2A28CEE83300371A9C /* LaunchScreen.storyboard */; };
		1A374B3528CEE86800371A9C /* Constants.swift in Sources */ = {isa = PBXBuildFile; fileRef = 1A374B3428CEE86800371A9C /* Constants.swift */; };
		1A374B3828CEE8B500371A9C /* Webservice.swift in Sources */ = {isa = PBXBuildFile; fileRef = 1A374B3728CEE8B500371A9C /* Webservice.swift */; };
		1A374B3B28CEE94800371A9C /* Driver.swift in Sources */ = {isa = PBXBuildFile; fileRef = 1A374B3A28CEE94800371A9C /* Driver.swift */; };
		1A374B3E28CEEA8700371A9C /* DriverViewModel.swift in Sources */ = {isa = PBXBuildFile; fileRef = 1A374B3D28CEEA8700371A9C /* DriverViewModel.swift */; };
		1A374B4128CEEB8900371A9C /* DriversViewController.swift in Sources */ = {isa = PBXBuildFile; fileRef = 1A374B4028CEEB8900371A9C /* DriversViewController.swift */; };
		1A374B4428CF6D1500371A9C /* DriverCell.swift in Sources */ = {isa = PBXBuildFile; fileRef = 1A374B4328CF6D1500371A9C /* DriverCell.swift */; };
		94BFCFF428D87A8000B700A9 /* Extensions+UITableViewCell.swift in Sources */ = {isa = PBXBuildFile; fileRef = 94BFCFF328D87A8000B700A9 /* Extensions+UITableViewCell.swift */; };
		94BFCFF728D8824B00B700A9 /* DriversRepository.swift in Sources */ = {isa = PBXBuildFile; fileRef = 94BFCFF628D8824B00B700A9 /* DriversRepository.swift */; };
		94BFCFF928D882E100B700A9 /* DataMapper.swift in Sources */ = {isa = PBXBuildFile; fileRef = 94BFCFF828D882E100B700A9 /* DataMapper.swift */; };
		94BFD00128D88C8100B700A9 /* MarioKartRacersTests.swift in Sources */ = {isa = PBXBuildFile; fileRef = 94BFD00028D88C8100B700A9 /* MarioKartRacersTests.swift */; };
/* End PBXBuildFile section */

/* Begin PBXContainerItemProxy section */
		94BFD00228D88C8100B700A9 /* PBXContainerItemProxy */ = {
			isa = PBXContainerItemProxy;
			containerPortal = 1A374B1428CEE83200371A9C /* Project object */;
			proxyType = 1;
			remoteGlobalIDString = 1A374B1B28CEE83200371A9C;
			remoteInfo = MarioKartRacers;
		};
/* End PBXContainerItemProxy section */

/* Begin PBXFileReference section */
		1A374B1C28CEE83200371A9C /* MarioKartRacers.app */ = {isa = PBXFileReference; explicitFileType = wrapper.application; includeInIndex = 0; path = "MarioKartRacers.app"; sourceTree = BUILT_PRODUCTS_DIR; };
		1A374B1F28CEE83200371A9C /* AppDelegate.swift */ = {isa = PBXFileReference; lastKnownFileType = sourcecode.swift; path = AppDelegate.swift; sourceTree = "<group>"; };
		1A374B2828CEE83300371A9C /* Assets.xcassets */ = {isa = PBXFileReference; lastKnownFileType = folder.assetcatalog; path = Assets.xcassets; sourceTree = "<group>"; };
		1A374B2B28CEE83300371A9C /* Base */ = {isa = PBXFileReference; lastKnownFileType = file.storyboard; name = Base; path = Base.lproj/LaunchScreen.storyboard; sourceTree = "<group>"; };
		1A374B2D28CEE83300371A9C /* Info.plist */ = {isa = PBXFileReference; lastKnownFileType = text.plist.xml; path = Info.plist; sourceTree = "<group>"; };
		1A374B3428CEE86800371A9C /* Constants.swift */ = {isa = PBXFileReference; lastKnownFileType = sourcecode.swift; path = Constants.swift; sourceTree = "<group>"; };
		1A374B3728CEE8B500371A9C /* Webservice.swift */ = {isa = PBXFileReference; lastKnownFileType = sourcecode.swift; path = Webservice.swift; sourceTree = "<group>"; };
		1A374B3A28CEE94800371A9C /* Driver.swift */ = {isa = PBXFileReference; lastKnownFileType = sourcecode.swift; path = Driver.swift; sourceTree = "<group>"; };
		1A374B3D28CEEA8700371A9C /* DriverViewModel.swift */ = {isa = PBXFileReference; lastKnownFileType = sourcecode.swift; path = DriverViewModel.swift; sourceTree = "<group>"; };
		1A374B4028CEEB8900371A9C /* DriversViewController.swift */ = {isa = PBXFileReference; lastKnownFileType = sourcecode.swift; path = DriversViewController.swift; sourceTree = "<group>"; };
		1A374B4328CF6D1500371A9C /* DriverCell.swift */ = {isa = PBXFileReference; lastKnownFileType = sourcecode.swift; path = DriverCell.swift; sourceTree = "<group>"; };
		94BFCFF328D87A8000B700A9 /* Extensions+UITableViewCell.swift */ = {isa = PBXFileReference; lastKnownFileType = sourcecode.swift; path = "Extensions+UITableViewCell.swift"; sourceTree = "<group>"; };
		94BFCFF628D8824B00B700A9 /* DriversRepository.swift */ = {isa = PBXFileReference; lastKnownFileType = sourcecode.swift; path = DriversRepository.swift; sourceTree = "<group>"; };
		94BFCFF828D882E100B700A9 /* DataMapper.swift */ = {isa = PBXFileReference; lastKnownFileType = sourcecode.swift; path = DataMapper.swift; sourceTree = "<group>"; };
		94BFCFFE28D88C8100B700A9 /* MarioKartRacersTests.xctest */ = {isa = PBXFileReference; explicitFileType = wrapper.cfbundle; includeInIndex = 0; path = MarioKartRacersTests.xctest; sourceTree = BUILT_PRODUCTS_DIR; };
		94BFD00028D88C8100B700A9 /* MarioKartRacersTests.swift */ = {isa = PBXFileReference; lastKnownFileType = sourcecode.swift; path = MarioKartRacersTests.swift; sourceTree = "<group>"; };
/* End PBXFileReference section */

/* Begin PBXFrameworksBuildPhase section */
		1A374B1928CEE83200371A9C /* Frameworks */ = {
			isa = PBXFrameworksBuildPhase;
			buildActionMask = 2147483647;
			files = (
			);
			runOnlyForDeploymentPostprocessing = 0;
		};
		94BFCFFB28D88C8100B700A9 /* Frameworks */ = {
			isa = PBXFrameworksBuildPhase;
			buildActionMask = 2147483647;
			files = (
			);
			runOnlyForDeploymentPostprocessing = 0;
		};
/* End PBXFrameworksBuildPhase section */

/* Begin PBXGroup section */
		1A374B1328CEE83200371A9C = {
			isa = PBXGroup;
			children = (
				1A374B1E28CEE83200371A9C /* MarioKartRacers */,
				94BFCFFF28D88C8100B700A9 /* MarioKartRacersTests */,
				1A374B1D28CEE83200371A9C /* Products */,
			);
			sourceTree = "<group>";
		};
		1A374B1D28CEE83200371A9C /* Products */ = {
			isa = PBXGroup;
			children = (
				1A374B1C28CEE83200371A9C /* MarioKartRacers.app */,
				94BFCFFE28D88C8100B700A9 /* MarioKartRacersTests.xctest */,
			);
			name = Products;
			sourceTree = "<group>";
		};
		1A374B1E28CEE83200371A9C /* MarioKartRacers */ = {
			isa = PBXGroup;
			children = (
				94BFCFF528D87D0100B700A9 /* Drivers */,
				94BFCFF228D87A5C00B700A9 /* Utilities */,
				1A374B3628CEE8A200371A9C /* Services */,
				1A374B3328CEE85500371A9C /* Constants */,
				1A374B1F28CEE83200371A9C /* AppDelegate.swift */,
				1A374B2828CEE83300371A9C /* Assets.xcassets */,
				1A374B2A28CEE83300371A9C /* LaunchScreen.storyboard */,
				1A374B2D28CEE83300371A9C /* Info.plist */,
			);
			path = "MarioKartRacers";
			sourceTree = "<group>";
		};
		1A374B3328CEE85500371A9C /* Constants */ = {
			isa = PBXGroup;
			children = (
				1A374B3428CEE86800371A9C /* Constants.swift */,
			);
			path = Constants;
			sourceTree = "<group>";
		};
		1A374B3628CEE8A200371A9C /* Services */ = {
			isa = PBXGroup;
			children = (
				1A374B3728CEE8B500371A9C /* Webservice.swift */,
			);
			path = Services;
			sourceTree = "<group>";
		};
		94BFCFF228D87A5C00B700A9 /* Utilities */ = {
			isa = PBXGroup;
			children = (
				94BFCFF328D87A8000B700A9 /* Extensions+UITableViewCell.swift */,
				94BFCFF828D882E100B700A9 /* DataMapper.swift */,
			);
			path = Utilities;
			sourceTree = "<group>";
		};
		94BFCFF528D87D0100B700A9 /* Drivers */ = {
			isa = PBXGroup;
			children = (
				1A374B3D28CEEA8700371A9C /* DriverViewModel.swift */,
				94BFCFF628D8824B00B700A9 /* DriversRepository.swift */,
				1A374B3A28CEE94800371A9C /* Driver.swift */,
				1A374B4028CEEB8900371A9C /* DriversViewController.swift */,
				1A374B4328CF6D1500371A9C /* DriverCell.swift */,
			);
			path = Drivers;
			sourceTree = "<group>";
		};
		94BFCFFF28D88C8100B700A9 /* MarioKartRacersTests */ = {
			isa = PBXGroup;
			children = (
				94BFD00028D88C8100B700A9 /* MarioKartRacersTests.swift */,
			);
			path = MarioKartRacersTests;
			sourceTree = "<group>";
		};
/* End PBXGroup section */

/* Begin PBXNativeTarget section */
		1A374B1B28CEE83200371A9C /* MarioKartRacers */ = {
			isa = PBXNativeTarget;
			buildConfigurationList = 1A374B3028CEE83300371A9C /* Build configuration list for PBXNativeTarget "MarioKartRacers" */;
			buildPhases = (
				1A374B1828CEE83200371A9C /* Sources */,
				1A374B1928CEE83200371A9C /* Frameworks */,
				1A374B1A28CEE83200371A9C /* Resources */,
			);
			buildRules = (
			);
			dependencies = (
			);
			name = "MarioKartRacers";
			productName = "MarioKartRacers";
			productReference = 1A374B1C28CEE83200371A9C /* MarioKartRacers.app */;
			productType = "com.apple.product-type.application";
		};
		94BFCFFD28D88C8100B700A9 /* MarioKartRacersTests */ = {
			isa = PBXNativeTarget;
			buildConfigurationList = 94BFD00428D88C8100B700A9 /* Build configuration list for PBXNativeTarget "MarioKartRacersTests" */;
			buildPhases = (
				94BFCFFA28D88C8100B700A9 /* Sources */,
				94BFCFFB28D88C8100B700A9 /* Frameworks */,
				94BFCFFC28D88C8100B700A9 /* Resources */,
			);
			buildRules = (
			);
			dependencies = (
				94BFD00328D88C8100B700A9 /* PBXTargetDependency */,
			);
			name = MarioKartRacersTests;
			productName = MarioKartRacersTests;
			productReference = 94BFCFFE28D88C8100B700A9 /* MarioKartRacersTests.xctest */;
			productType = "com.apple.product-type.bundle.unit-test";
		};
/* End PBXNativeTarget section */

/* Begin PBXProject section */
		1A374B1428CEE83200371A9C /* Project object */ = {
			isa = PBXProject;
			attributes = {
				BuildIndependentTargetsInParallel = 1;
				LastSwiftUpdateCheck = 1330;
				LastUpgradeCheck = 1330;
				TargetAttributes = {
					1A374B1B28CEE83200371A9C = {
						CreatedOnToolsVersion = 13.3;
					};
					94BFCFFD28D88C8100B700A9 = {
						CreatedOnToolsVersion = 13.3;
						TestTargetID = 1A374B1B28CEE83200371A9C;
					};
				};
			};
			buildConfigurationList = 1A374B1728CEE83200371A9C /* Build configuration list for PBXProject "MarioKartRacers" */;
			compatibilityVersion = "Xcode 13.0";
			developmentRegion = en;
			hasScannedForEncodings = 0;
			knownRegions = (
				en,
				Base,
			);
			mainGroup = 1A374B1328CEE83200371A9C;
			productRefGroup = 1A374B1D28CEE83200371A9C /* Products */;
			projectDirPath = "";
			projectRoot = "";
			targets = (
				1A374B1B28CEE83200371A9C /* MarioKartRacers */,
				94BFCFFD28D88C8100B700A9 /* MarioKartRacersTests */,
			);
		};
/* End PBXProject section */

/* Begin PBXResourcesBuildPhase section */
		1A374B1A28CEE83200371A9C /* Resources */ = {
			isa = PBXResourcesBuildPhase;
			buildActionMask = 2147483647;
			files = (
				1A374B2C28CEE83300371A9C /* LaunchScreen.storyboard in Resources */,
				1A374B2928CEE83300371A9C /* Assets.xcassets in Resources */,
			);
			runOnlyForDeploymentPostprocessing = 0;
		};
		94BFCFFC28D88C8100B700A9 /* Resources */ = {
			isa = PBXResourcesBuildPhase;
			buildActionMask = 2147483647;
			files = (
			);
			runOnlyForDeploymentPostprocessing = 0;
		};
/* End PBXResourcesBuildPhase section */

/* Begin PBXSourcesBuildPhase section */
		1A374B1828CEE83200371A9C /* Sources */ = {
			isa = PBXSourcesBuildPhase;
			buildActionMask = 2147483647;
			files = (
				1A374B3828CEE8B500371A9C /* Webservice.swift in Sources */,
				1A374B3E28CEEA8700371A9C /* DriverViewModel.swift in Sources */,
				1A374B2028CEE83200371A9C /* AppDelegate.swift in Sources */,
				94BFCFF428D87A8000B700A9 /* Extensions+UITableViewCell.swift in Sources */,
				1A374B3B28CEE94800371A9C /* Driver.swift in Sources */,
				1A374B4128CEEB8900371A9C /* DriversViewController.swift in Sources */,
				94BFCFF928D882E100B700A9 /* DataMapper.swift in Sources */,
				1A374B3528CEE86800371A9C /* Constants.swift in Sources */,
				1A374B4428CF6D1500371A9C /* DriverCell.swift in Sources */,
				94BFCFF728D8824B00B700A9 /* DriversRepository.swift in Sources */,
			);
			runOnlyForDeploymentPostprocessing = 0;
		};
		94BFCFFA28D88C8100B700A9 /* Sources */ = {
			isa = PBXSourcesBuildPhase;
			buildActionMask = 2147483647;
			files = (
				94BFD00128D88C8100B700A9 /* MarioKartRacersTests.swift in Sources */,
			);
			runOnlyForDeploymentPostprocessing = 0;
		};
/* End PBXSourcesBuildPhase section */

/* Begin PBXTargetDependency section */
		94BFD00328D88C8100B700A9 /* PBXTargetDependency */ = {
			isa = PBXTargetDependency;
			target = 1A374B1B28CEE83200371A9C /* MarioKartRacers */;
			targetProxy = 94BFD00228D88C8100B700A9 /* PBXContainerItemProxy */;
		};
/* End PBXTargetDependency section */

/* Begin PBXVariantGroup section */
		1A374B2A28CEE83300371A9C /* LaunchScreen.storyboard */ = {
			isa = PBXVariantGroup;
			children = (
				1A374B2B28CEE83300371A9C /* Base */,
			);
			name = LaunchScreen.storyboard;
			sourceTree = "<group>";
		};
/* End PBXVariantGroup section */

/* Begin XCBuildConfiguration section */
		1A374B2E28CEE83300371A9C /* Debug */ = {
			isa = XCBuildConfiguration;
			buildSettings = {
				ALWAYS_SEARCH_USER_PATHS = NO;
				CLANG_ANALYZER_NONNULL = YES;
				CLANG_ANALYZER_NUMBER_OBJECT_CONVERSION = YES_AGGRESSIVE;
				CLANG_CXX_LANGUAGE_STANDARD = "gnu++17";
				CLANG_ENABLE_MODULES = YES;
				CLANG_ENABLE_OBJC_ARC = YES;
				CLANG_ENABLE_OBJC_WEAK = YES;
				CLANG_WARN_BLOCK_CAPTURE_AUTORELEASING = YES;
				CLANG_WARN_BOOL_CONVERSION = YES;
				CLANG_WARN_COMMA = YES;
				CLANG_WARN_CONSTANT_CONVERSION = YES;
				CLANG_WARN_DEPRECATED_OBJC_IMPLEMENTATIONS = YES;
				CLANG_WARN_DIRECT_OBJC_ISA_USAGE = YES_ERROR;
				CLANG_WARN_DOCUMENTATION_COMMENTS = YES;
				CLANG_WARN_EMPTY_BODY = YES;
				CLANG_WARN_ENUM_CONVERSION = YES;
				CLANG_WARN_INFINITE_RECURSION = YES;
				CLANG_WARN_INT_CONVERSION = YES;
				CLANG_WARN_NON_LITERAL_NULL_CONVERSION = YES;
				CLANG_WARN_OBJC_IMPLICIT_RETAIN_SELF = YES;
				CLANG_WARN_OBJC_LITERAL_CONVERSION = YES;
				CLANG_WARN_OBJC_ROOT_CLASS = YES_ERROR;
				CLANG_WARN_QUOTED_INCLUDE_IN_FRAMEWORK_HEADER = YES;
				CLANG_WARN_RANGE_LOOP_ANALYSIS = YES;
				CLANG_WARN_STRICT_PROTOTYPES = YES;
				CLANG_WARN_SUSPICIOUS_MOVE = YES;
				CLANG_WARN_UNGUARDED_AVAILABILITY = YES_AGGRESSIVE;
				CLANG_WARN_UNREACHABLE_CODE = YES;
				CLANG_WARN__DUPLICATE_METHOD_MATCH = YES;
				COPY_PHASE_STRIP = NO;
				DEBUG_INFORMATION_FORMAT = dwarf;
				ENABLE_STRICT_OBJC_MSGSEND = YES;
				ENABLE_TESTABILITY = YES;
				GCC_C_LANGUAGE_STANDARD = gnu11;
				GCC_DYNAMIC_NO_PIC = NO;
				GCC_NO_COMMON_BLOCKS = YES;
				GCC_OPTIMIZATION_LEVEL = 0;
				GCC_PREPROCESSOR_DEFINITIONS = (
					"DEBUG=1",
					"$(inherited)",
				);
				GCC_WARN_64_TO_32_BIT_CONVERSION = YES;
				GCC_WARN_ABOUT_RETURN_TYPE = YES_ERROR;
				GCC_WARN_UNDECLARED_SELECTOR = YES;
				GCC_WARN_UNINITIALIZED_AUTOS = YES_AGGRESSIVE;
				GCC_WARN_UNUSED_FUNCTION = YES;
				GCC_WARN_UNUSED_VARIABLE = YES;
				IPHONEOS_DEPLOYMENT_TARGET = 15.4;
				MTL_ENABLE_DEBUG_INFO = INCLUDE_SOURCE;
				MTL_FAST_MATH = YES;
				ONLY_ACTIVE_ARCH = YES;
				SDKROOT = iphoneos;
				SWIFT_ACTIVE_COMPILATION_CONDITIONS = DEBUG;
				SWIFT_OPTIMIZATION_LEVEL = "-Onone";
			};
			name = Debug;
		};
		1A374B2F28CEE83300371A9C /* Release */ = {
			isa = XCBuildConfiguration;
			buildSettings = {
				ALWAYS_SEARCH_USER_PATHS = NO;
				CLANG_ANALYZER_NONNULL = YES;
				CLANG_ANALYZER_NUMBER_OBJECT_CONVERSION = YES_AGGRESSIVE;
				CLANG_CXX_LANGUAGE_STANDARD = "gnu++17";
				CLANG_ENABLE_MODULES = YES;
				CLANG_ENABLE_OBJC_ARC = YES;
				CLANG_ENABLE_OBJC_WEAK = YES;
				CLANG_WARN_BLOCK_CAPTURE_AUTORELEASING = YES;
				CLANG_WARN_BOOL_CONVERSION = YES;
				CLANG_WARN_COMMA = YES;
				CLANG_WARN_CONSTANT_CONVERSION = YES;
				CLANG_WARN_DEPRECATED_OBJC_IMPLEMENTATIONS = YES;
				CLANG_WARN_DIRECT_OBJC_ISA_USAGE = YES_ERROR;
				CLANG_WARN_DOCUMENTATION_COMMENTS = YES;
				CLANG_WARN_EMPTY_BODY = YES;
				CLANG_WARN_ENUM_CONVERSION = YES;
				CLANG_WARN_INFINITE_RECURSION = YES;
				CLANG_WARN_INT_CONVERSION = YES;
				CLANG_WARN_NON_LITERAL_NULL_CONVERSION = YES;
				CLANG_WARN_OBJC_IMPLICIT_RETAIN_SELF = YES;
				CLANG_WARN_OBJC_LITERAL_CONVERSION = YES;
				CLANG_WARN_OBJC_ROOT_CLASS = YES_ERROR;
				CLANG_WARN_QUOTED_INCLUDE_IN_FRAMEWORK_HEADER = YES;
				CLANG_WARN_RANGE_LOOP_ANALYSIS = YES;
				CLANG_WARN_STRICT_PROTOTYPES = YES;
				CLANG_WARN_SUSPICIOUS_MOVE = YES;
				CLANG_WARN_UNGUARDED_AVAILABILITY = YES_AGGRESSIVE;
				CLANG_WARN_UNREACHABLE_CODE = YES;
				CLANG_WARN__DUPLICATE_METHOD_MATCH = YES;
				COPY_PHASE_STRIP = NO;
				DEBUG_INFORMATION_FORMAT = "dwarf-with-dsym";
				ENABLE_NS_ASSERTIONS = NO;
				ENABLE_STRICT_OBJC_MSGSEND = YES;
				GCC_C_LANGUAGE_STANDARD = gnu11;
				GCC_NO_COMMON_BLOCKS = YES;
				GCC_WARN_64_TO_32_BIT_CONVERSION = YES;
				GCC_WARN_ABOUT_RETURN_TYPE = YES_ERROR;
				GCC_WARN_UNDECLARED_SELECTOR = YES;
				GCC_WARN_UNINITIALIZED_AUTOS = YES_AGGRESSIVE;
				GCC_WARN_UNUSED_FUNCTION = YES;
				GCC_WARN_UNUSED_VARIABLE = YES;
				IPHONEOS_DEPLOYMENT_TARGET = 15.4;
				MTL_ENABLE_DEBUG_INFO = NO;
				MTL_FAST_MATH = YES;
				SDKROOT = iphoneos;
				SWIFT_COMPILATION_MODE = wholemodule;
				SWIFT_OPTIMIZATION_LEVEL = "-O";
				VALIDATE_PRODUCT = YES;
			};
			name = Release;
		};
		1A374B3128CEE83300371A9C /* Debug */ = {
			isa = XCBuildConfiguration;
			buildSettings = {
				ASSETCATALOG_COMPILER_APPICON_NAME = AppIcon;
				ASSETCATALOG_COMPILER_GLOBAL_ACCENT_COLOR_NAME = AccentColor;
				CODE_SIGN_STYLE = Automatic;
				CURRENT_PROJECT_VERSION = 1;
				DEVELOPMENT_TEAM = 963V4Q7N3F;
				GENERATE_INFOPLIST_FILE = YES;
				INFOPLIST_FILE = MarioKartRacers/Info.plist;
				INFOPLIST_KEY_UIApplicationSupportsIndirectInputEvents = YES;
				INFOPLIST_KEY_UILaunchStoryboardName = LaunchScreen;
				INFOPLIST_KEY_UISupportedInterfaceOrientations_iPad = "UIInterfaceOrientationPortrait UIInterfaceOrientationPortraitUpsideDown UIInterfaceOrientationLandscapeLeft UIInterfaceOrientationLandscapeRight";
				INFOPLIST_KEY_UISupportedInterfaceOrientations_iPhone = "UIInterfaceOrientationPortrait UIInterfaceOrientationLandscapeLeft UIInterfaceOrientationLandscapeRight";
				LD_RUNPATH_SEARCH_PATHS = (
					"$(inherited)",
					"@executable_path/Frameworks",
				);
				MARKETING_VERSION = 1.0;
				PRODUCT_BUNDLE_IDENTIFIER = com.sardo.giuseppe.MarioKartRacers;
				PRODUCT_NAME = "$(TARGET_NAME)";
				SWIFT_EMIT_LOC_STRINGS = YES;
				SWIFT_VERSION = 5.0;
				TARGETED_DEVICE_FAMILY = "1,2";
			};
			name = Debug;
		};
		1A374B3228CEE83300371A9C /* Release */ = {
			isa = XCBuildConfiguration;
			buildSettings = {
				ASSETCATALOG_COMPILER_APPICON_NAME = AppIcon;
				ASSETCATALOG_COMPILER_GLOBAL_ACCENT_COLOR_NAME = AccentColor;
				CODE_SIGN_STYLE = Automatic;
				CURRENT_PROJECT_VERSION = 1;
				DEVELOPMENT_TEAM = 963V4Q7N3F;
				GENERATE_INFOPLIST_FILE = YES;
				INFOPLIST_FILE = MarioKartRacers/Info.plist;
				INFOPLIST_KEY_UIApplicationSupportsIndirectInputEvents = YES;
				INFOPLIST_KEY_UILaunchStoryboardName = LaunchScreen;
				INFOPLIST_KEY_UISupportedInterfaceOrientations_iPad = "UIInterfaceOrientationPortrait UIInterfaceOrientationPortraitUpsideDown UIInterfaceOrientationLandscapeLeft UIInterfaceOrientationLandscapeRight";
				INFOPLIST_KEY_UISupportedInterfaceOrientations_iPhone = "UIInterfaceOrientationPortrait UIInterfaceOrientationLandscapeLeft UIInterfaceOrientationLandscapeRight";
				LD_RUNPATH_SEARCH_PATHS = (
					"$(inherited)",
					"@executable_path/Frameworks",
				);
				MARKETING_VERSION = 1.0;
				PRODUCT_BUNDLE_IDENTIFIER = com.sardo.giuseppe.MarioKartRacers;
				PRODUCT_NAME = "$(TARGET_NAME)";
				SWIFT_EMIT_LOC_STRINGS = YES;
				SWIFT_VERSION = 5.0;
				TARGETED_DEVICE_FAMILY = "1,2";
			};
			name = Release;
		};
		94BFD00528D88C8100B700A9 /* Debug */ = {
			isa = XCBuildConfiguration;
			buildSettings = {
				BUNDLE_LOADER = "$(TEST_HOST)";
				CODE_SIGN_STYLE = Automatic;
				CURRENT_PROJECT_VERSION = 1;
				GENERATE_INFOPLIST_FILE = YES;
				MARKETING_VERSION = 1.0;
				PRODUCT_BUNDLE_IDENTIFIER = com.sardo.giuseppe.MarioKartRacersTests;
				PRODUCT_NAME = "$(TARGET_NAME)";
				SWIFT_EMIT_LOC_STRINGS = NO;
				SWIFT_VERSION = 5.0;
				TARGETED_DEVICE_FAMILY = "1,2";
				TEST_HOST = "$(BUILT_PRODUCTS_DIR)/MarioKartRacers.app/MarioKartRacers";
			};
			name = Debug;
		};
		94BFD00628D88C8100B700A9 /* Release */ = {
			isa = XCBuildConfiguration;
			buildSettings = {
				BUNDLE_LOADER = "$(TEST_HOST)";
				CODE_SIGN_STYLE = Automatic;
				CURRENT_PROJECT_VERSION = 1;
				GENERATE_INFOPLIST_FILE = YES;
				MARKETING_VERSION = 1.0;
				PRODUCT_BUNDLE_IDENTIFIER = com.sardo.giuseppe.MarioKartRacersTests;
				PRODUCT_NAME = "$(TARGET_NAME)";
				SWIFT_EMIT_LOC_STRINGS = NO;
				SWIFT_VERSION = 5.0;
				TARGETED_DEVICE_FAMILY = "1,2";
				TEST_HOST = "$(BUILT_PRODUCTS_DIR)/MarioKartRacers.app/MarioKartRacers";
			};
			name = Release;
		};
/* End XCBuildConfiguration section */

/* Begin XCConfigurationList section */
		1A374B1728CEE83200371A9C /* Build configuration list for PBXProject "MarioKartRacers" */ = {
			isa = XCConfigurationList;
			buildConfigurations = (
				1A374B2E28CEE83300371A9C /* Debug */,
				1A374B2F28CEE83300371A9C /* Release */,
			);
			defaultConfigurationIsVisible = 0;
			defaultConfigurationName = Release;
		};
		1A374B3028CEE83300371A9C /* Build configuration list for PBXNativeTarget "MarioKartRacers" */ = {
			isa = XCConfigurationList;
			buildConfigurations = (
				1A374B3128CEE83300371A9C /* Debug */,
				1A374B3228CEE83300371A9C /* Release */,
			);
			defaultConfigurationIsVisible = 0;
			defaultConfigurationName = Release;
		};
		94BFD00428D88C8100B700A9 /* Build configuration list for PBXNativeTarget "MarioKartRacersTests" */ = {
			isa = XCConfigurationList;
			buildConfigurations = (
				94BFD00528D88C8100B700A9 /* Debug */,
				94BFD00628D88C8100B700A9 /* Release */,
			);
			defaultConfigurationIsVisible = 0;
			defaultConfigurationName = Release;
		};
/* End XCConfigurationList section */
	};
	rootObject = 1A374B1428CEE83200371A9C /* Project object */;
}
