// !$*UTF8*$!
{
	archiveVersion = 1;
	classes = {
	};
	objectVersion = 55;
	objects = {

/* Begin PBXBuildFile section */
		1A374B2028CEE83200371A9C /* AppDelegate.swift in Sources */ = {isa = PBXBuildFile; fileRef = 1A374B1F28CEE83200371A9C /* AppDelegate.swift */; };
		1A374B2228CEE83200371A9C /* SceneDelegate.swift in Sources */ = {isa = PBXBuildFile; fileRef = 1A374B2128CEE83200371A9C /* SceneDelegate.swift */; };
		1A374B2928CEE83300371A9C /* Assets.xcassets in Resources */ = {isa = PBXBuildFile; fileRef = 1A374B2828CEE83300371A9C /* Assets.xcassets */; };
		1A374B2C28CEE83300371A9C /* LaunchScreen.storyboard in Resources */ = {isa = PBXBuildFile; fileRef = 1A374B2A28CEE83300371A9C /* LaunchScreen.storyboard */; };
		1A374B3528CEE86800371A9C /* Constants.swift in Sources */ = {isa = PBXBuildFile; fileRef = 1A374B3428CEE86800371A9C /* Constants.swift */; };
		1A374B3828CEE8B500371A9C /* Webservices.swift in Sources */ = {isa = PBXBuildFile; fileRef = 1A374B3728CEE8B500371A9C /* Webservices.swift */; };
		1A374B3B28CEE94800371A9C /* Driver.swift in Sources */ = {isa = PBXBuildFile; fileRef = 1A374B3A28CEE94800371A9C /* Driver.swift */; };
		1A374B3E28CEEA8700371A9C /* DriverDataViewModel.swift in Sources */ = {isa = PBXBuildFile; fileRef = 1A374B3D28CEEA8700371A9C /* DriverDataViewModel.swift */; };
		1A374B4128CEEB8900371A9C /* DriverDataViewController.swift in Sources */ = {isa = PBXBuildFile; fileRef = 1A374B4028CEEB8900371A9C /* DriverDataViewController.swift */; };
		1A374B4428CF6D1500371A9C /* DriverCell.swift in Sources */ = {isa = PBXBuildFile; fileRef = 1A374B4328CF6D1500371A9C /* DriverCell.swift */; };
		1A54650728DAEA86007EAC41 /* Kart.swift in Sources */ = {isa = PBXBuildFile; fileRef = 1A54650628DAEA86007EAC41 /* Kart.swift */; };
		1A54650B28DAEB24007EAC41 /* Course.swift in Sources */ = {isa = PBXBuildFile; fileRef = 1A54650A28DAEB24007EAC41 /* Course.swift */; };
		1A54650E28DAED9B007EAC41 /* KartDataViewModel.swift in Sources */ = {isa = PBXBuildFile; fileRef = 1A54650D28DAED9B007EAC41 /* KartDataViewModel.swift */; };
		1A54651228DAEE77007EAC41 /* CourseDataViewModel.swift in Sources */ = {isa = PBXBuildFile; fileRef = 1A54651128DAEE77007EAC41 /* CourseDataViewModel.swift */; };
/* End PBXBuildFile section */

/* Begin PBXFileReference section */
		1A374B1C28CEE83200371A9C /* Mario Kart Racers.app */ = {isa = PBXFileReference; explicitFileType = wrapper.application; includeInIndex = 0; path = "Mario Kart Racers.app"; sourceTree = BUILT_PRODUCTS_DIR; };
		1A374B1F28CEE83200371A9C /* AppDelegate.swift */ = {isa = PBXFileReference; lastKnownFileType = sourcecode.swift; path = AppDelegate.swift; sourceTree = "<group>"; };
		1A374B2128CEE83200371A9C /* SceneDelegate.swift */ = {isa = PBXFileReference; lastKnownFileType = sourcecode.swift; path = SceneDelegate.swift; sourceTree = "<group>"; };
		1A374B2828CEE83300371A9C /* Assets.xcassets */ = {isa = PBXFileReference; lastKnownFileType = folder.assetcatalog; path = Assets.xcassets; sourceTree = "<group>"; };
		1A374B2B28CEE83300371A9C /* Base */ = {isa = PBXFileReference; lastKnownFileType = file.storyboard; name = Base; path = Base.lproj/LaunchScreen.storyboard; sourceTree = "<group>"; };
		1A374B2D28CEE83300371A9C /* Info.plist */ = {isa = PBXFileReference; lastKnownFileType = text.plist.xml; path = Info.plist; sourceTree = "<group>"; };
		1A374B3428CEE86800371A9C /* Constants.swift */ = {isa = PBXFileReference; lastKnownFileType = sourcecode.swift; path = Constants.swift; sourceTree = "<group>"; };
		1A374B3728CEE8B500371A9C /* Webservices.swift */ = {isa = PBXFileReference; lastKnownFileType = sourcecode.swift; path = Webservices.swift; sourceTree = "<group>"; };
		1A374B3A28CEE94800371A9C /* Driver.swift */ = {isa = PBXFileReference; lastKnownFileType = sourcecode.swift; path = Driver.swift; sourceTree = "<group>"; };
		1A374B3D28CEEA8700371A9C /* DriverDataViewModel.swift */ = {isa = PBXFileReference; lastKnownFileType = sourcecode.swift; path = DriverDataViewModel.swift; sourceTree = "<group>"; };
		1A374B4028CEEB8900371A9C /* DriverDataViewController.swift */ = {isa = PBXFileReference; lastKnownFileType = sourcecode.swift; path = DriverDataViewController.swift; sourceTree = "<group>"; };
		1A374B4328CF6D1500371A9C /* DriverCell.swift */ = {isa = PBXFileReference; lastKnownFileType = sourcecode.swift; path = DriverCell.swift; sourceTree = "<group>"; };
		1A54650628DAEA86007EAC41 /* Kart.swift */ = {isa = PBXFileReference; lastKnownFileType = sourcecode.swift; path = Kart.swift; sourceTree = "<group>"; };
		1A54650A28DAEB24007EAC41 /* Course.swift */ = {isa = PBXFileReference; lastKnownFileType = sourcecode.swift; path = Course.swift; sourceTree = "<group>"; };
		1A54650D28DAED9B007EAC41 /* KartDataViewModel.swift */ = {isa = PBXFileReference; lastKnownFileType = sourcecode.swift; path = KartDataViewModel.swift; sourceTree = "<group>"; };
		1A54651128DAEE77007EAC41 /* CourseDataViewModel.swift */ = {isa = PBXFileReference; lastKnownFileType = sourcecode.swift; path = CourseDataViewModel.swift; sourceTree = "<group>"; };
/* End PBXFileReference section */

/* Begin PBXFrameworksBuildPhase section */
		1A374B1928CEE83200371A9C /* Frameworks */ = {
			isa = PBXFrameworksBuildPhase;
			buildActionMask = 2147483647;
			files = (
			);
			runOnlyForDeploymentPostprocessing = 0;
		};
/* End PBXFrameworksBuildPhase section */

/* Begin PBXGroup section */
		1A374B1328CEE83200371A9C = {
			isa = PBXGroup;
			children = (
				1A374B1E28CEE83200371A9C /* Mario Kart Racers */,
				1A374B1D28CEE83200371A9C /* Products */,
			);
			sourceTree = "<group>";
		};
		1A374B1D28CEE83200371A9C /* Products */ = {
			isa = PBXGroup;
			children = (
				1A374B1C28CEE83200371A9C /* Mario Kart Racers.app */,
			);
			name = Products;
			sourceTree = "<group>";
		};
		1A374B1E28CEE83200371A9C /* Mario Kart Racers */ = {
			isa = PBXGroup;
			children = (
				1A54650828DAEB11007EAC41 /* Course */,
				1A54650428DAEA6A007EAC41 /* Kart */,
				1A54650328DAE8FF007EAC41 /* Driver */,
				1A374B3628CEE8A200371A9C /* Services */,
				1A374B3328CEE85500371A9C /* Utils */,
				1A374B1F28CEE83200371A9C /* AppDelegate.swift */,
				1A374B2128CEE83200371A9C /* SceneDelegate.swift */,
				1A374B2828CEE83300371A9C /* Assets.xcassets */,
				1A374B2A28CEE83300371A9C /* LaunchScreen.storyboard */,
				1A374B2D28CEE83300371A9C /* Info.plist */,
			);
			path = "Mario Kart Racers";
			sourceTree = "<group>";
		};
		1A374B3328CEE85500371A9C /* Utils */ = {
			isa = PBXGroup;
			children = (
				1A374B3428CEE86800371A9C /* Constants.swift */,
			);
			path = Utils;
			sourceTree = "<group>";
		};
		1A374B3628CEE8A200371A9C /* Services */ = {
			isa = PBXGroup;
			children = (
				1A374B3728CEE8B500371A9C /* Webservices.swift */,
			);
			path = Services;
			sourceTree = "<group>";
		};
		1A374B3928CEE92C00371A9C /* Models */ = {
			isa = PBXGroup;
			children = (
				1A374B3A28CEE94800371A9C /* Driver.swift */,
			);
			path = Models;
			sourceTree = "<group>";
		};
		1A374B3C28CEEA7600371A9C /* ViewModels */ = {
			isa = PBXGroup;
			children = (
				1A374B3D28CEEA8700371A9C /* DriverDataViewModel.swift */,
			);
			path = ViewModels;
			sourceTree = "<group>";
		};
		1A374B3F28CEEB7400371A9C /* Controllers */ = {
			isa = PBXGroup;
			children = (
				1A374B4028CEEB8900371A9C /* DriverDataViewController.swift */,
			);
			path = Controllers;
			sourceTree = "<group>";
		};
		1A374B4228CF6D0400371A9C /* Cells */ = {
			isa = PBXGroup;
			children = (
				1A374B4328CF6D1500371A9C /* DriverCell.swift */,
			);
			path = Cells;
			sourceTree = "<group>";
		};
		1A54650328DAE8FF007EAC41 /* Driver */ = {
			isa = PBXGroup;
			children = (
				1A374B4228CF6D0400371A9C /* Cells */,
				1A374B3F28CEEB7400371A9C /* Controllers */,
				1A374B3C28CEEA7600371A9C /* ViewModels */,
				1A374B3928CEE92C00371A9C /* Models */,
			);
			path = Driver;
			sourceTree = "<group>";
		};
		1A54650428DAEA6A007EAC41 /* Kart */ = {
			isa = PBXGroup;
			children = (
				1A54650C28DAED7C007EAC41 /* ViewModels */,
				1A54650528DAEA74007EAC41 /* Models */,
			);
			path = Kart;
			sourceTree = "<group>";
		};
		1A54650528DAEA74007EAC41 /* Models */ = {
			isa = PBXGroup;
			children = (
				1A54650628DAEA86007EAC41 /* Kart.swift */,
			);
			path = Models;
			sourceTree = "<group>";
		};
		1A54650828DAEB11007EAC41 /* Course */ = {
			isa = PBXGroup;
			children = (
				1A54650F28DAEDFE007EAC41 /* ViewModels */,
				1A54650928DAEB19007EAC41 /* Models */,
			);
			path = Course;
			sourceTree = "<group>";
		};
		1A54650928DAEB19007EAC41 /* Models */ = {
			isa = PBXGroup;
			children = (
				1A54650A28DAEB24007EAC41 /* Course.swift */,
			);
			path = Models;
			sourceTree = "<group>";
		};
		1A54650C28DAED7C007EAC41 /* ViewModels */ = {
			isa = PBXGroup;
			children = (
				1A54650D28DAED9B007EAC41 /* KartDataViewModel.swift */,
			);
			path = ViewModels;
			sourceTree = "<group>";
		};
		1A54650F28DAEDFE007EAC41 /* ViewModels */ = {
			isa = PBXGroup;
			children = (
				1A54651128DAEE77007EAC41 /* CourseDataViewModel.swift */,
			);
			path = ViewModels;
			sourceTree = "<group>";
		};
/* End PBXGroup section */

/* Begin PBXNativeTarget section */
		1A374B1B28CEE83200371A9C /* Mario Kart Racers */ = {
			isa = PBXNativeTarget;
			buildConfigurationList = 1A374B3028CEE83300371A9C /* Build configuration list for PBXNativeTarget "Mario Kart Racers" */;
			buildPhases = (
				1A374B1828CEE83200371A9C /* Sources */,
				1A374B1928CEE83200371A9C /* Frameworks */,
				1A374B1A28CEE83200371A9C /* Resources */,
			);
			buildRules = (
			);
			dependencies = (
			);
			name = "Mario Kart Racers";
			productName = "Mario Kart Racers";
			productReference = 1A374B1C28CEE83200371A9C /* Mario Kart Racers.app */;
			productType = "com.apple.product-type.application";
		};
/* End PBXNativeTarget section */

/* Begin PBXProject section */
		1A374B1428CEE83200371A9C /* Project object */ = {
			isa = PBXProject;
			attributes = {
				BuildIndependentTargetsInParallel = 1;
				LastSwiftUpdateCheck = 1330;
				LastUpgradeCheck = 1330;
				TargetAttributes = {
					1A374B1B28CEE83200371A9C = {
						CreatedOnToolsVersion = 13.3;
					};
				};
			};
			buildConfigurationList = 1A374B1728CEE83200371A9C /* Build configuration list for PBXProject "Mario Kart Racers" */;
			compatibilityVersion = "Xcode 13.0";
			developmentRegion = en;
			hasScannedForEncodings = 0;
			knownRegions = (
				en,
				Base,
			);
			mainGroup = 1A374B1328CEE83200371A9C;
			productRefGroup = 1A374B1D28CEE83200371A9C /* Products */;
			projectDirPath = "";
			projectRoot = "";
			targets = (
				1A374B1B28CEE83200371A9C /* Mario Kart Racers */,
			);
		};
/* End PBXProject section */

/* Begin PBXResourcesBuildPhase section */
		1A374B1A28CEE83200371A9C /* Resources */ = {
			isa = PBXResourcesBuildPhase;
			buildActionMask = 2147483647;
			files = (
				1A374B2C28CEE83300371A9C /* LaunchScreen.storyboard in Resources */,
				1A374B2928CEE83300371A9C /* Assets.xcassets in Resources */,
			);
			runOnlyForDeploymentPostprocessing = 0;
		};
/* End PBXResourcesBuildPhase section */

/* Begin PBXSourcesBuildPhase section */
		1A374B1828CEE83200371A9C /* Sources */ = {
			isa = PBXSourcesBuildPhase;
			buildActionMask = 2147483647;
			files = (
				1A374B3828CEE8B500371A9C /* Webservices.swift in Sources */,
				1A54650728DAEA86007EAC41 /* Kart.swift in Sources */,
				1A54650B28DAEB24007EAC41 /* Course.swift in Sources */,
				1A54651228DAEE77007EAC41 /* CourseDataViewModel.swift in Sources */,
				1A374B3E28CEEA8700371A9C /* DriverDataViewModel.swift in Sources */,
				1A54650E28DAED9B007EAC41 /* KartDataViewModel.swift in Sources */,
				1A374B2028CEE83200371A9C /* AppDelegate.swift in Sources */,
				1A374B3B28CEE94800371A9C /* Driver.swift in Sources */,
				1A374B2228CEE83200371A9C /* SceneDelegate.swift in Sources */,
				1A374B4128CEEB8900371A9C /* DriverDataViewController.swift in Sources */,
				1A374B3528CEE86800371A9C /* Constants.swift in Sources */,
				1A374B4428CF6D1500371A9C /* DriverCell.swift in Sources */,
			);
			runOnlyForDeploymentPostprocessing = 0;
		};
/* End PBXSourcesBuildPhase section */

/* Begin PBXVariantGroup section */
		1A374B2A28CEE83300371A9C /* LaunchScreen.storyboard */ = {
			isa = PBXVariantGroup;
			children = (
				1A374B2B28CEE83300371A9C /* Base */,
			);
			name = LaunchScreen.storyboard;
			sourceTree = "<group>";
		};
/* End PBXVariantGroup section */

/* Begin XCBuildConfiguration section */
		1A374B2E28CEE83300371A9C /* Debug */ = {
			isa = XCBuildConfiguration;
			buildSettings = {
				ALWAYS_SEARCH_USER_PATHS = NO;
				CLANG_ANALYZER_NONNULL = YES;
				CLANG_ANALYZER_NUMBER_OBJECT_CONVERSION = YES_AGGRESSIVE;
				CLANG_CXX_LANGUAGE_STANDARD = "gnu++17";
				CLANG_ENABLE_MODULES = YES;
				CLANG_ENABLE_OBJC_ARC = YES;
				CLANG_ENABLE_OBJC_WEAK = YES;
				CLANG_WARN_BLOCK_CAPTURE_AUTORELEASING = YES;
				CLANG_WARN_BOOL_CONVERSION = YES;
				CLANG_WARN_COMMA = YES;
				CLANG_WARN_CONSTANT_CONVERSION = YES;
				CLANG_WARN_DEPRECATED_OBJC_IMPLEMENTATIONS = YES;
				CLANG_WARN_DIRECT_OBJC_ISA_USAGE = YES_ERROR;
				CLANG_WARN_DOCUMENTATION_COMMENTS = YES;
				CLANG_WARN_EMPTY_BODY = YES;
				CLANG_WARN_ENUM_CONVERSION = YES;
				CLANG_WARN_INFINITE_RECURSION = YES;
				CLANG_WARN_INT_CONVERSION = YES;
				CLANG_WARN_NON_LITERAL_NULL_CONVERSION = YES;
				CLANG_WARN_OBJC_IMPLICIT_RETAIN_SELF = YES;
				CLANG_WARN_OBJC_LITERAL_CONVERSION = YES;
				CLANG_WARN_OBJC_ROOT_CLASS = YES_ERROR;
				CLANG_WARN_QUOTED_INCLUDE_IN_FRAMEWORK_HEADER = YES;
				CLANG_WARN_RANGE_LOOP_ANALYSIS = YES;
				CLANG_WARN_STRICT_PROTOTYPES = YES;
				CLANG_WARN_SUSPICIOUS_MOVE = YES;
				CLANG_WARN_UNGUARDED_AVAILABILITY = YES_AGGRESSIVE;
				CLANG_WARN_UNREACHABLE_CODE = YES;
				CLANG_WARN__DUPLICATE_METHOD_MATCH = YES;
				COPY_PHASE_STRIP = NO;
				DEBUG_INFORMATION_FORMAT = dwarf;
				ENABLE_STRICT_OBJC_MSGSEND = YES;
				ENABLE_TESTABILITY = YES;
				GCC_C_LANGUAGE_STANDARD = gnu11;
				GCC_DYNAMIC_NO_PIC = NO;
				GCC_NO_COMMON_BLOCKS = YES;
				GCC_OPTIMIZATION_LEVEL = 0;
				GCC_PREPROCESSOR_DEFINITIONS = (
					"DEBUG=1",
					"$(inherited)",
				);
				GCC_WARN_64_TO_32_BIT_CONVERSION = YES;
				GCC_WARN_ABOUT_RETURN_TYPE = YES_ERROR;
				GCC_WARN_UNDECLARED_SELECTOR = YES;
				GCC_WARN_UNINITIALIZED_AUTOS = YES_AGGRESSIVE;
				GCC_WARN_UNUSED_FUNCTION = YES;
				GCC_WARN_UNUSED_VARIABLE = YES;
				IPHONEOS_DEPLOYMENT_TARGET = 15.4;
				MTL_ENABLE_DEBUG_INFO = INCLUDE_SOURCE;
				MTL_FAST_MATH = YES;
				ONLY_ACTIVE_ARCH = YES;
				SDKROOT = iphoneos;
				SWIFT_ACTIVE_COMPILATION_CONDITIONS = DEBUG;
				SWIFT_OPTIMIZATION_LEVEL = "-Onone";
			};
			name = Debug;
		};
		1A374B2F28CEE83300371A9C /* Release */ = {
			isa = XCBuildConfiguration;
			buildSettings = {
				ALWAYS_SEARCH_USER_PATHS = NO;
				CLANG_ANALYZER_NONNULL = YES;
				CLANG_ANALYZER_NUMBER_OBJECT_CONVERSION = YES_AGGRESSIVE;
				CLANG_CXX_LANGUAGE_STANDARD = "gnu++17";
				CLANG_ENABLE_MODULES = YES;
				CLANG_ENABLE_OBJC_ARC = YES;
				CLANG_ENABLE_OBJC_WEAK = YES;
				CLANG_WARN_BLOCK_CAPTURE_AUTORELEASING = YES;
				CLANG_WARN_BOOL_CONVERSION = YES;
				CLANG_WARN_COMMA = YES;
				CLANG_WARN_CONSTANT_CONVERSION = YES;
				CLANG_WARN_DEPRECATED_OBJC_IMPLEMENTATIONS = YES;
				CLANG_WARN_DIRECT_OBJC_ISA_USAGE = YES_ERROR;
				CLANG_WARN_DOCUMENTATION_COMMENTS = YES;
				CLANG_WARN_EMPTY_BODY = YES;
				CLANG_WARN_ENUM_CONVERSION = YES;
				CLANG_WARN_INFINITE_RECURSION = YES;
				CLANG_WARN_INT_CONVERSION = YES;
				CLANG_WARN_NON_LITERAL_NULL_CONVERSION = YES;
				CLANG_WARN_OBJC_IMPLICIT_RETAIN_SELF = YES;
				CLANG_WARN_OBJC_LITERAL_CONVERSION = YES;
				CLANG_WARN_OBJC_ROOT_CLASS = YES_ERROR;
				CLANG_WARN_QUOTED_INCLUDE_IN_FRAMEWORK_HEADER = YES;
				CLANG_WARN_RANGE_LOOP_ANALYSIS = YES;
				CLANG_WARN_STRICT_PROTOTYPES = YES;
				CLANG_WARN_SUSPICIOUS_MOVE = YES;
				CLANG_WARN_UNGUARDED_AVAILABILITY = YES_AGGRESSIVE;
				CLANG_WARN_UNREACHABLE_CODE = YES;
				CLANG_WARN__DUPLICATE_METHOD_MATCH = YES;
				COPY_PHASE_STRIP = NO;
				DEBUG_INFORMATION_FORMAT = "dwarf-with-dsym";
				ENABLE_NS_ASSERTIONS = NO;
				ENABLE_STRICT_OBJC_MSGSEND = YES;
				GCC_C_LANGUAGE_STANDARD = gnu11;
				GCC_NO_COMMON_BLOCKS = YES;
				GCC_WARN_64_TO_32_BIT_CONVERSION = YES;
				GCC_WARN_ABOUT_RETURN_TYPE = YES_ERROR;
				GCC_WARN_UNDECLARED_SELECTOR = YES;
				GCC_WARN_UNINITIALIZED_AUTOS = YES_AGGRESSIVE;
				GCC_WARN_UNUSED_FUNCTION = YES;
				GCC_WARN_UNUSED_VARIABLE = YES;
				IPHONEOS_DEPLOYMENT_TARGET = 15.4;
				MTL_ENABLE_DEBUG_INFO = NO;
				MTL_FAST_MATH = YES;
				SDKROOT = iphoneos;
				SWIFT_COMPILATION_MODE = wholemodule;
				SWIFT_OPTIMIZATION_LEVEL = "-O";
				VALIDATE_PRODUCT = YES;
			};
			name = Release;
		};
		1A374B3128CEE83300371A9C /* Debug */ = {
			isa = XCBuildConfiguration;
			buildSettings = {
				ASSETCATALOG_COMPILER_APPICON_NAME = AppIcon;
				ASSETCATALOG_COMPILER_GLOBAL_ACCENT_COLOR_NAME = AccentColor;
				CODE_SIGN_STYLE = Automatic;
				CURRENT_PROJECT_VERSION = 1;
				DEVELOPMENT_TEAM = 963V4Q7N3F;
				GENERATE_INFOPLIST_FILE = YES;
				INFOPLIST_FILE = "Mario Kart Racers/Info.plist";
				INFOPLIST_KEY_UIApplicationSupportsIndirectInputEvents = YES;
				INFOPLIST_KEY_UILaunchStoryboardName = LaunchScreen;
				INFOPLIST_KEY_UISupportedInterfaceOrientations_iPad = "UIInterfaceOrientationPortrait UIInterfaceOrientationPortraitUpsideDown UIInterfaceOrientationLandscapeLeft UIInterfaceOrientationLandscapeRight";
				INFOPLIST_KEY_UISupportedInterfaceOrientations_iPhone = "UIInterfaceOrientationPortrait UIInterfaceOrientationLandscapeLeft UIInterfaceOrientationLandscapeRight";
				LD_RUNPATH_SEARCH_PATHS = (
					"$(inherited)",
					"@executable_path/Frameworks",
				);
				MARKETING_VERSION = 1.0;
				PRODUCT_BUNDLE_IDENTIFIER = "com.sardo.giuseppe.Mario-Kart-Racers";
				PRODUCT_NAME = "$(TARGET_NAME)";
				SWIFT_EMIT_LOC_STRINGS = YES;
				SWIFT_VERSION = 5.0;
				TARGETED_DEVICE_FAMILY = "1,2";
			};
			name = Debug;
		};
		1A374B3228CEE83300371A9C /* Release */ = {
			isa = XCBuildConfiguration;
			buildSettings = {
				ASSETCATALOG_COMPILER_APPICON_NAME = AppIcon;
				ASSETCATALOG_COMPILER_GLOBAL_ACCENT_COLOR_NAME = AccentColor;
				CODE_SIGN_STYLE = Automatic;
				CURRENT_PROJECT_VERSION = 1;
				DEVELOPMENT_TEAM = 963V4Q7N3F;
				GENERATE_INFOPLIST_FILE = YES;
				INFOPLIST_FILE = "Mario Kart Racers/Info.plist";
				INFOPLIST_KEY_UIApplicationSupportsIndirectInputEvents = YES;
				INFOPLIST_KEY_UILaunchStoryboardName = LaunchScreen;
				INFOPLIST_KEY_UISupportedInterfaceOrientations_iPad = "UIInterfaceOrientationPortrait UIInterfaceOrientationPortraitUpsideDown UIInterfaceOrientationLandscapeLeft UIInterfaceOrientationLandscapeRight";
				INFOPLIST_KEY_UISupportedInterfaceOrientations_iPhone = "UIInterfaceOrientationPortrait UIInterfaceOrientationLandscapeLeft UIInterfaceOrientationLandscapeRight";
				LD_RUNPATH_SEARCH_PATHS = (
					"$(inherited)",
					"@executable_path/Frameworks",
				);
				MARKETING_VERSION = 1.0;
				PRODUCT_BUNDLE_IDENTIFIER = "com.sardo.giuseppe.Mario-Kart-Racers";
				PRODUCT_NAME = "$(TARGET_NAME)";
				SWIFT_EMIT_LOC_STRINGS = YES;
				SWIFT_VERSION = 5.0;
				TARGETED_DEVICE_FAMILY = "1,2";
			};
			name = Release;
		};
/* End XCBuildConfiguration section */

/* Begin XCConfigurationList section */
		1A374B1728CEE83200371A9C /* Build configuration list for PBXProject "Mario Kart Racers" */ = {
			isa = XCConfigurationList;
			buildConfigurations = (
				1A374B2E28CEE83300371A9C /* Debug */,
				1A374B2F28CEE83300371A9C /* Release */,
			);
			defaultConfigurationIsVisible = 0;
			defaultConfigurationName = Release;
		};
		1A374B3028CEE83300371A9C /* Build configuration list for PBXNativeTarget "Mario Kart Racers" */ = {
			isa = XCConfigurationList;
			buildConfigurations = (
				1A374B3128CEE83300371A9C /* Debug */,
				1A374B3228CEE83300371A9C /* Release */,
			);
			defaultConfigurationIsVisible = 0;
			defaultConfigurationName = Release;
		};
/* End XCConfigurationList section */
	};
	rootObject = 1A374B1428CEE83200371A9C /* Project object */;
}
